<Solution>
  <Folder Name="/src/">
    <Project Path="Application/Application.csproj" />
    <Project Path="Domain/Domain.csproj" />
    <Project Path="Infraestructure/Infraestructure.csproj" />
    <Project Path="WebAPI/WebAPI.csproj" />
  </Folder>
  <Folder Name="/tests/">
    <Project Path="Api.Tests/Api.Tests.csproj" />
    <Project Path="Application.Tests/Application.Tests.csproj" />
    <Project Path="Domain.Tests/Domain.Tests.csproj" />
    <Project Path="Infraestructure.Tests/Infraestructure.Tests.csproj" />
  </Folder>
</Solution>
